// !$*UTF8*$!
{
	archiveVersion = 1;
	classes = {
	};
	objectVersion = 46;
	objects = {

/* Begin PBXBuildFile section */
		9D15FD541F33B543006B35F8 /* AppDelegate.swift in Sources */ = {isa = PBXBuildFile; fileRef = 9D15FD531F33B543006B35F8 /* AppDelegate.swift */; };
		9D15FD561F33B543006B35F8 /* ViewController.swift in Sources */ = {isa = PBXBuildFile; fileRef = 9D15FD551F33B543006B35F8 /* ViewController.swift */; };
		9D15FD591F33B543006B35F8 /* Main.storyboard in Resources */ = {isa = PBXBuildFile; fileRef = 9D15FD571F33B543006B35F8 /* Main.storyboard */; };
		9D15FD5B1F33B543006B35F8 /* Assets.xcassets in Resources */ = {isa = PBXBuildFile; fileRef = 9D15FD5A1F33B543006B35F8 /* Assets.xcassets */; };
		9D15FD5E1F33B543006B35F8 /* LaunchScreen.storyboard in Resources */ = {isa = PBXBuildFile; fileRef = 9D15FD5C1F33B543006B35F8 /* LaunchScreen.storyboard */; };
		9D15FD691F33B543006B35F8 /* dogCaptureTests.swift in Sources */ = {isa = PBXBuildFile; fileRef = 9D15FD681F33B543006B35F8 /* dogCaptureTests.swift */; };
		9D15FD741F33B543006B35F8 /* dogCaptureUITests.swift in Sources */ = {isa = PBXBuildFile; fileRef = 9D15FD731F33B543006B35F8 /* dogCaptureUITests.swift */; };
		9D15FD8C1F33C449006B35F8 /* LaunchImage.jpg in Resources */ = {isa = PBXBuildFile; fileRef = 9D15FD8B1F33C449006B35F8 /* LaunchImage.jpg */; };
		9D15FD911F33D1BE006B35F8 /* rubberDuckSqueak.mp3 in Resources */ = {isa = PBXBuildFile; fileRef = 9D15FD901F33D1BE006B35F8 /* rubberDuckSqueak.mp3 */; };
		9D15FD921F33D1BE006B35F8 /* rubberDuckSqueak.mp3 in Resources */ = {isa = PBXBuildFile; fileRef = 9D15FD901F33D1BE006B35F8 /* rubberDuckSqueak.mp3 */; };
		9D15FD931F33D1BE006B35F8 /* rubberDuckSqueak.mp3 in Resources */ = {isa = PBXBuildFile; fileRef = 9D15FD901F33D1BE006B35F8 /* rubberDuckSqueak.mp3 */; };
		9D15FD961F33D88C006B35F8 /* AVFoundation.framework in Frameworks */ = {isa = PBXBuildFile; fileRef = 9D15FD951F33D88C006B35F8 /* AVFoundation.framework */; };
		9D1A70431F34F8580027FA11 /* dog1sound.mp3 in Resources */ = {isa = PBXBuildFile; fileRef = 9D1A703D1F34F8580027FA11 /* dog1sound.mp3 */; };
		9D1A70441F34F8580027FA11 /* dog1sound.mp3 in Resources */ = {isa = PBXBuildFile; fileRef = 9D1A703D1F34F8580027FA11 /* dog1sound.mp3 */; };
		9D1A70451F34F8580027FA11 /* dog1sound.mp3 in Resources */ = {isa = PBXBuildFile; fileRef = 9D1A703D1F34F8580027FA11 /* dog1sound.mp3 */; };
		9D1A70461F34F8580027FA11 /* dog2sound.mp3 in Resources */ = {isa = PBXBuildFile; fileRef = 9D1A703E1F34F8580027FA11 /* dog2sound.mp3 */; };
		9D1A70471F34F8580027FA11 /* dog2sound.mp3 in Resources */ = {isa = PBXBuildFile; fileRef = 9D1A703E1F34F8580027FA11 /* dog2sound.mp3 */; };
		9D1A70481F34F8580027FA11 /* dog2sound.mp3 in Resources */ = {isa = PBXBuildFile; fileRef = 9D1A703E1F34F8580027FA11 /* dog2sound.mp3 */; };
		9D1A70491F34F8580027FA11 /* dog3sound.mp3 in Resources */ = {isa = PBXBuildFile; fileRef = 9D1A703F1F34F8580027FA11 /* dog3sound.mp3 */; };
		9D1A704A1F34F8580027FA11 /* dog3sound.mp3 in Resources */ = {isa = PBXBuildFile; fileRef = 9D1A703F1F34F8580027FA11 /* dog3sound.mp3 */; };
		9D1A704B1F34F8580027FA11 /* dog3sound.mp3 in Resources */ = {isa = PBXBuildFile; fileRef = 9D1A703F1F34F8580027FA11 /* dog3sound.mp3 */; };
		9D1A704C1F34F8580027FA11 /* dog4sound.mp3 in Resources */ = {isa = PBXBuildFile; fileRef = 9D1A70401F34F8580027FA11 /* dog4sound.mp3 */; };
		9D1A704D1F34F8580027FA11 /* dog4sound.mp3 in Resources */ = {isa = PBXBuildFile; fileRef = 9D1A70401F34F8580027FA11 /* dog4sound.mp3 */; };
		9D1A704E1F34F8580027FA11 /* dog4sound.mp3 in Resources */ = {isa = PBXBuildFile; fileRef = 9D1A70401F34F8580027FA11 /* dog4sound.mp3 */; };
		9D1A704F1F34F8580027FA11 /* dog5sound.mp3 in Resources */ = {isa = PBXBuildFile; fileRef = 9D1A70411F34F8580027FA11 /* dog5sound.mp3 */; };
		9D1A70501F34F8580027FA11 /* dog5sound.mp3 in Resources */ = {isa = PBXBuildFile; fileRef = 9D1A70411F34F8580027FA11 /* dog5sound.mp3 */; };
		9D1A70511F34F8580027FA11 /* dog5sound.mp3 in Resources */ = {isa = PBXBuildFile; fileRef = 9D1A70411F34F8580027FA11 /* dog5sound.mp3 */; };
		9D1A70521F34F8580027FA11 /* dog6sound.mp3 in Resources */ = {isa = PBXBuildFile; fileRef = 9D1A70421F34F8580027FA11 /* dog6sound.mp3 */; };
		9D1A70531F34F8580027FA11 /* dog6sound.mp3 in Resources */ = {isa = PBXBuildFile; fileRef = 9D1A70421F34F8580027FA11 /* dog6sound.mp3 */; };
		9D1A70541F34F8580027FA11 /* dog6sound.mp3 in Resources */ = {isa = PBXBuildFile; fileRef = 9D1A70421F34F8580027FA11 /* dog6sound.mp3 */; };
		9D1A70561F34FBB20027FA11 /* wolfHowl.mp3 in Resources */ = {isa = PBXBuildFile; fileRef = 9D1A70551F34FBB20027FA11 /* wolfHowl.mp3 */; };
		9D1A70571F34FBB20027FA11 /* wolfHowl.mp3 in Resources */ = {isa = PBXBuildFile; fileRef = 9D1A70551F34FBB20027FA11 /* wolfHowl.mp3 */; };
		9D1A70581F34FBB20027FA11 /* wolfHowl.mp3 in Resources */ = {isa = PBXBuildFile; fileRef = 9D1A70551F34FBB20027FA11 /* wolfHowl.mp3 */; };
		9D1A705A1F34FE790027FA11 /* packBarking.mp3 in Resources */ = {isa = PBXBuildFile; fileRef = 9D1A70591F34FE790027FA11 /* packBarking.mp3 */; };
		9D1A705B1F34FE790027FA11 /* packBarking.mp3 in Resources */ = {isa = PBXBuildFile; fileRef = 9D1A70591F34FE790027FA11 /* packBarking.mp3 */; };
		9D1A705C1F34FE790027FA11 /* packBarking.mp3 in Resources */ = {isa = PBXBuildFile; fileRef = 9D1A70591F34FE790027FA11 /* packBarking.mp3 */; };
		9D1A705E1F3500E70027FA11 /* chewbacca.mp3 in Resources */ = {isa = PBXBuildFile; fileRef = 9D1A705D1F3500E70027FA11 /* chewbacca.mp3 */; };
		9D1A705F1F3500E70027FA11 /* chewbacca.mp3 in Resources */ = {isa = PBXBuildFile; fileRef = 9D1A705D1F3500E70027FA11 /* chewbacca.mp3 */; };
		9D1A70601F3500E70027FA11 /* chewbacca.mp3 in Resources */ = {isa = PBXBuildFile; fileRef = 9D1A705D1F3500E70027FA11 /* chewbacca.mp3 */; };
		9D1A70621F350D760027FA11 /* dogCrying.mp3 in Resources */ = {isa = PBXBuildFile; fileRef = 9D1A70611F350D760027FA11 /* dogCrying.mp3 */; };
		9D1A70631F350D760027FA11 /* dogCrying.mp3 in Resources */ = {isa = PBXBuildFile; fileRef = 9D1A70611F350D760027FA11 /* dogCrying.mp3 */; };
		9D1A70641F350D760027FA11 /* dogCrying.mp3 in Resources */ = {isa = PBXBuildFile; fileRef = 9D1A70611F350D760027FA11 /* dogCrying.mp3 */; };
		9D1A70661F350D8D0027FA11 /* Ambulance.mp3 in Resources */ = {isa = PBXBuildFile; fileRef = 9D1A70651F350D8D0027FA11 /* Ambulance.mp3 */; };
		9D1A70671F350D8D0027FA11 /* Ambulance.mp3 in Resources */ = {isa = PBXBuildFile; fileRef = 9D1A70651F350D8D0027FA11 /* Ambulance.mp3 */; };
		9D1A70681F350D8D0027FA11 /* Ambulance.mp3 in Resources */ = {isa = PBXBuildFile; fileRef = 9D1A70651F350D8D0027FA11 /* Ambulance.mp3 */; };
		9D1A706A1F350D980027FA11 /* firetruckSiren.mp3 in Resources */ = {isa = PBXBuildFile; fileRef = 9D1A70691F350D980027FA11 /* firetruckSiren.mp3 */; };
		9D1A706B1F350D980027FA11 /* firetruckSiren.mp3 in Resources */ = {isa = PBXBuildFile; fileRef = 9D1A70691F350D980027FA11 /* firetruckSiren.mp3 */; };
		9D1A706C1F350D980027FA11 /* firetruckSiren.mp3 in Resources */ = {isa = PBXBuildFile; fileRef = 9D1A70691F350D980027FA11 /* firetruckSiren.mp3 */; };
		9D1A706E1F350DA20027FA11 /* policeSiren.mp3 in Resources */ = {isa = PBXBuildFile; fileRef = 9D1A706D1F350DA20027FA11 /* policeSiren.mp3 */; };
		9D1A706F1F350DA20027FA11 /* policeSiren.mp3 in Resources */ = {isa = PBXBuildFile; fileRef = 9D1A706D1F350DA20027FA11 /* policeSiren.mp3 */; };
		9D1A70701F350DA20027FA11 /* policeSiren.mp3 in Resources */ = {isa = PBXBuildFile; fileRef = 9D1A706D1F350DA20027FA11 /* policeSiren.mp3 */; };
		9D1A70721F350F170027FA11 /* tornadoSiren.mp3 in Resources */ = {isa = PBXBuildFile; fileRef = 9D1A70711F350F170027FA11 /* tornadoSiren.mp3 */; };
		9D1A70731F350F170027FA11 /* tornadoSiren.mp3 in Resources */ = {isa = PBXBuildFile; fileRef = 9D1A70711F350F170027FA11 /* tornadoSiren.mp3 */; };
		9D1A70741F350F170027FA11 /* tornadoSiren.mp3 in Resources */ = {isa = PBXBuildFile; fileRef = 9D1A70711F350F170027FA11 /* tornadoSiren.mp3 */; };
		9D1A70771F35305E0027FA11 /* pika.jpg in Resources */ = {isa = PBXBuildFile; fileRef = 9D1A70761F35305E0027FA11 /* pika.jpg */; };
		9D1A70781F35305E0027FA11 /* pika.jpg in Resources */ = {isa = PBXBuildFile; fileRef = 9D1A70761F35305E0027FA11 /* pika.jpg */; };
		9D1A70791F35305E0027FA11 /* pika.jpg in Resources */ = {isa = PBXBuildFile; fileRef = 9D1A70761F35305E0027FA11 /* pika.jpg */; };
		9D1A707B1F3535D60027FA11 /* squeakairtennisball.jpg in Resources */ = {isa = PBXBuildFile; fileRef = 9D1A707A1F3535D60027FA11 /* squeakairtennisball.jpg */; };
		9D1A707C1F3535D60027FA11 /* squeakairtennisball.jpg in Resources */ = {isa = PBXBuildFile; fileRef = 9D1A707A1F3535D60027FA11 /* squeakairtennisball.jpg */; };
		9D1A707D1F3535D60027FA11 /* squeakairtennisball.jpg in Resources */ = {isa = PBXBuildFile; fileRef = 9D1A707A1F3535D60027FA11 /* squeakairtennisball.jpg */; };
		9D240E301F343F8D003E7DD7 /* longSqueaktoy.mp3 in Resources */ = {isa = PBXBuildFile; fileRef = 9D240E2F1F343F8D003E7DD7 /* longSqueaktoy.mp3 */; };
		9D240E311F343F8D003E7DD7 /* longSqueaktoy.mp3 in Resources */ = {isa = PBXBuildFile; fileRef = 9D240E2F1F343F8D003E7DD7 /* longSqueaktoy.mp3 */; };
		9D240E321F343F8D003E7DD7 /* longSqueaktoy.mp3 in Resources */ = {isa = PBXBuildFile; fileRef = 9D240E2F1F343F8D003E7DD7 /* longSqueaktoy.mp3 */; };
		9D240E341F344049003E7DD7 /* shortSqueaktoy.mp3 in Resources */ = {isa = PBXBuildFile; fileRef = 9D240E331F344049003E7DD7 /* shortSqueaktoy.mp3 */; };
		9D240E351F344049003E7DD7 /* shortSqueaktoy.mp3 in Resources */ = {isa = PBXBuildFile; fileRef = 9D240E331F344049003E7DD7 /* shortSqueaktoy.mp3 */; };
		9D240E361F344049003E7DD7 /* shortSqueaktoy.mp3 in Resources */ = {isa = PBXBuildFile; fileRef = 9D240E331F344049003E7DD7 /* shortSqueaktoy.mp3 */; };
		9D240E381F34425F003E7DD7 /* doorBell.mp3 in Resources */ = {isa = PBXBuildFile; fileRef = 9D240E371F34425F003E7DD7 /* doorBell.mp3 */; };
		9D240E391F34425F003E7DD7 /* doorBell.mp3 in Resources */ = {isa = PBXBuildFile; fileRef = 9D240E371F34425F003E7DD7 /* doorBell.mp3 */; };
		9D240E3A1F34425F003E7DD7 /* doorBell.mp3 in Resources */ = {isa = PBXBuildFile; fileRef = 9D240E371F34425F003E7DD7 /* doorBell.mp3 */; };
		9D240E3C1F344448003E7DD7 /* duckQuack.mp3 in Resources */ = {isa = PBXBuildFile; fileRef = 9D240E3B1F344448003E7DD7 /* duckQuack.mp3 */; };
		9D240E3D1F344448003E7DD7 /* duckQuack.mp3 in Resources */ = {isa = PBXBuildFile; fileRef = 9D240E3B1F344448003E7DD7 /* duckQuack.mp3 */; };
		9D240E3E1F344448003E7DD7 /* duckQuack.mp3 in Resources */ = {isa = PBXBuildFile; fileRef = 9D240E3B1F344448003E7DD7 /* duckQuack.mp3 */; };
		9D240E401F344839003E7DD7 /* squirrel.mp3 in Resources */ = {isa = PBXBuildFile; fileRef = 9D240E3F1F344839003E7DD7 /* squirrel.mp3 */; };
		9D240E411F344839003E7DD7 /* squirrel.mp3 in Resources */ = {isa = PBXBuildFile; fileRef = 9D240E3F1F344839003E7DD7 /* squirrel.mp3 */; };
		9D240E421F344839003E7DD7 /* squirrel.mp3 in Resources */ = {isa = PBXBuildFile; fileRef = 9D240E3F1F344839003E7DD7 /* squirrel.mp3 */; };
		9D240E441F344913003E7DD7 /* pigSqueal.mp3 in Resources */ = {isa = PBXBuildFile; fileRef = 9D240E431F344913003E7DD7 /* pigSqueal.mp3 */; };
		9D240E451F344913003E7DD7 /* pigSqueal.mp3 in Resources */ = {isa = PBXBuildFile; fileRef = 9D240E431F344913003E7DD7 /* pigSqueal.mp3 */; };
		9D240E461F344913003E7DD7 /* pigSqueal.mp3 in Resources */ = {isa = PBXBuildFile; fileRef = 9D240E431F344913003E7DD7 /* pigSqueal.mp3 */; };
		9D240E481F344CBF003E7DD7 /* mouseSound.mp3 in Resources */ = {isa = PBXBuildFile; fileRef = 9D240E471F344CBF003E7DD7 /* mouseSound.mp3 */; };
		9D240E491F344CBF003E7DD7 /* mouseSound.mp3 in Resources */ = {isa = PBXBuildFile; fileRef = 9D240E471F344CBF003E7DD7 /* mouseSound.mp3 */; };
		9D240E4A1F344CBF003E7DD7 /* mouseSound.mp3 in Resources */ = {isa = PBXBuildFile; fileRef = 9D240E471F344CBF003E7DD7 /* mouseSound.mp3 */; };
		9D240E4C1F344CD3003E7DD7 /* ratSound.mp3 in Resources */ = {isa = PBXBuildFile; fileRef = 9D240E4B1F344CD3003E7DD7 /* ratSound.mp3 */; };
		9D240E4D1F344CD3003E7DD7 /* ratSound.mp3 in Resources */ = {isa = PBXBuildFile; fileRef = 9D240E4B1F344CD3003E7DD7 /* ratSound.mp3 */; };
		9D240E4E1F344CD3003E7DD7 /* ratSound.mp3 in Resources */ = {isa = PBXBuildFile; fileRef = 9D240E4B1F344CD3003E7DD7 /* ratSound.mp3 */; };
		9D2FDB8F1F33E4EF00E04AB2 /* squeakyBall.mp3 in Resources */ = {isa = PBXBuildFile; fileRef = 9D2FDB8E1F33E4EF00E04AB2 /* squeakyBall.mp3 */; };
		9D2FDB901F33E4EF00E04AB2 /* squeakyBall.mp3 in Resources */ = {isa = PBXBuildFile; fileRef = 9D2FDB8E1F33E4EF00E04AB2 /* squeakyBall.mp3 */; };
		9D2FDB911F33E4EF00E04AB2 /* squeakyBall.mp3 in Resources */ = {isa = PBXBuildFile; fileRef = 9D2FDB8E1F33E4EF00E04AB2 /* squeakyBall.mp3 */; };
		9D2FDB931F33E67000E04AB2 /* pikaConversation.mp3 in Resources */ = {isa = PBXBuildFile; fileRef = 9D2FDB921F33E67000E04AB2 /* pikaConversation.mp3 */; };
		9D2FDB941F33E67000E04AB2 /* pikaConversation.mp3 in Resources */ = {isa = PBXBuildFile; fileRef = 9D2FDB921F33E67000E04AB2 /* pikaConversation.mp3 */; };
		9D2FDB951F33E67000E04AB2 /* pikaConversation.mp3 in Resources */ = {isa = PBXBuildFile; fileRef = 9D2FDB921F33E67000E04AB2 /* pikaConversation.mp3 */; };
/* End PBXBuildFile section */

/* Begin PBXContainerItemProxy section */
		9D15FD651F33B543006B35F8 /* PBXContainerItemProxy */ = {
			isa = PBXContainerItemProxy;
			containerPortal = 9D15FD481F33B543006B35F8 /* Project object */;
			proxyType = 1;
			remoteGlobalIDString = 9D15FD4F1F33B543006B35F8;
			remoteInfo = dogCapture;
		};
		9D15FD701F33B543006B35F8 /* PBXContainerItemProxy */ = {
			isa = PBXContainerItemProxy;
			containerPortal = 9D15FD481F33B543006B35F8 /* Project object */;
			proxyType = 1;
			remoteGlobalIDString = 9D15FD4F1F33B543006B35F8;
			remoteInfo = dogCapture;
		};
/* End PBXContainerItemProxy section */

/* Begin PBXFileReference section */
		9D15FD501F33B543006B35F8 /* dogCapture.app */ = {isa = PBXFileReference; explicitFileType = wrapper.application; includeInIndex = 0; path = dogCapture.app; sourceTree = BUILT_PRODUCTS_DIR; };
		9D15FD531F33B543006B35F8 /* AppDelegate.swift */ = {isa = PBXFileReference; lastKnownFileType = sourcecode.swift; path = AppDelegate.swift; sourceTree = "<group>"; };
		9D15FD551F33B543006B35F8 /* ViewController.swift */ = {isa = PBXFileReference; lastKnownFileType = sourcecode.swift; path = ViewController.swift; sourceTree = "<group>"; };
		9D15FD581F33B543006B35F8 /* Base */ = {isa = PBXFileReference; lastKnownFileType = file.storyboard; name = Base; path = Base.lproj/Main.storyboard; sourceTree = "<group>"; };
		9D15FD5A1F33B543006B35F8 /* Assets.xcassets */ = {isa = PBXFileReference; lastKnownFileType = folder.assetcatalog; path = Assets.xcassets; sourceTree = "<group>"; };
		9D15FD5D1F33B543006B35F8 /* Base */ = {isa = PBXFileReference; lastKnownFileType = file.storyboard; name = Base; path = Base.lproj/LaunchScreen.storyboard; sourceTree = "<group>"; };
		9D15FD5F1F33B543006B35F8 /* Info.plist */ = {isa = PBXFileReference; lastKnownFileType = text.plist.xml; path = Info.plist; sourceTree = "<group>"; };
		9D15FD641F33B543006B35F8 /* dogCaptureTests.xctest */ = {isa = PBXFileReference; explicitFileType = wrapper.cfbundle; includeInIndex = 0; path = dogCaptureTests.xctest; sourceTree = BUILT_PRODUCTS_DIR; };
		9D15FD681F33B543006B35F8 /* dogCaptureTests.swift */ = {isa = PBXFileReference; lastKnownFileType = sourcecode.swift; path = dogCaptureTests.swift; sourceTree = "<group>"; };
		9D15FD6A1F33B543006B35F8 /* Info.plist */ = {isa = PBXFileReference; lastKnownFileType = text.plist.xml; path = Info.plist; sourceTree = "<group>"; };
		9D15FD6F1F33B543006B35F8 /* dogCaptureUITests.xctest */ = {isa = PBXFileReference; explicitFileType = wrapper.cfbundle; includeInIndex = 0; path = dogCaptureUITests.xctest; sourceTree = BUILT_PRODUCTS_DIR; };
		9D15FD731F33B543006B35F8 /* dogCaptureUITests.swift */ = {isa = PBXFileReference; lastKnownFileType = sourcecode.swift; path = dogCaptureUITests.swift; sourceTree = "<group>"; };
		9D15FD751F33B543006B35F8 /* Info.plist */ = {isa = PBXFileReference; lastKnownFileType = text.plist.xml; path = Info.plist; sourceTree = "<group>"; };
		9D15FD8B1F33C449006B35F8 /* LaunchImage.jpg */ = {isa = PBXFileReference; lastKnownFileType = image.jpeg; name = LaunchImage.jpg; path = ../../../Downloads/LaunchImage.jpg; sourceTree = "<group>"; };
		9D15FD8E1F33CD5A006B35F8 /* AudioToolbox.framework */ = {isa = PBXFileReference; lastKnownFileType = wrapper.framework; name = AudioToolbox.framework; path = System/Library/Frameworks/AudioToolbox.framework; sourceTree = SDKROOT; };
		9D15FD901F33D1BE006B35F8 /* rubberDuckSqueak.mp3 */ = {isa = PBXFileReference; lastKnownFileType = audio.mp3; path = rubberDuckSqueak.mp3; sourceTree = "<group>"; };
		9D15FD951F33D88C006B35F8 /* AVFoundation.framework */ = {isa = PBXFileReference; lastKnownFileType = wrapper.framework; name = AVFoundation.framework; path = System/Library/Frameworks/AVFoundation.framework; sourceTree = SDKROOT; };
		9D1A703D1F34F8580027FA11 /* dog1sound.mp3 */ = {isa = PBXFileReference; lastKnownFileType = audio.mp3; path = dog1sound.mp3; sourceTree = "<group>"; };
		9D1A703E1F34F8580027FA11 /* dog2sound.mp3 */ = {isa = PBXFileReference; lastKnownFileType = audio.mp3; path = dog2sound.mp3; sourceTree = "<group>"; };
		9D1A703F1F34F8580027FA11 /* dog3sound.mp3 */ = {isa = PBXFileReference; lastKnownFileType = audio.mp3; path = dog3sound.mp3; sourceTree = "<group>"; };
		9D1A70401F34F8580027FA11 /* dog4sound.mp3 */ = {isa = PBXFileReference; lastKnownFileType = audio.mp3; path = dog4sound.mp3; sourceTree = "<group>"; };
		9D1A70411F34F8580027FA11 /* dog5sound.mp3 */ = {isa = PBXFileReference; lastKnownFileType = audio.mp3; path = dog5sound.mp3; sourceTree = "<group>"; };
		9D1A70421F34F8580027FA11 /* dog6sound.mp3 */ = {isa = PBXFileReference; lastKnownFileType = audio.mp3; path = dog6sound.mp3; sourceTree = "<group>"; };
		9D1A70551F34FBB20027FA11 /* wolfHowl.mp3 */ = {isa = PBXFileReference; lastKnownFileType = audio.mp3; path = wolfHowl.mp3; sourceTree = "<group>"; };
		9D1A70591F34FE790027FA11 /* packBarking.mp3 */ = {isa = PBXFileReference; lastKnownFileType = audio.mp3; path = packBarking.mp3; sourceTree = "<group>"; };
		9D1A705D1F3500E70027FA11 /* chewbacca.mp3 */ = {isa = PBXFileReference; lastKnownFileType = audio.mp3; path = chewbacca.mp3; sourceTree = "<group>"; };
		9D1A70611F350D760027FA11 /* dogCrying.mp3 */ = {isa = PBXFileReference; lastKnownFileType = audio.mp3; path = dogCrying.mp3; sourceTree = "<group>"; };
		9D1A70651F350D8D0027FA11 /* Ambulance.mp3 */ = {isa = PBXFileReference; lastKnownFileType = audio.mp3; path = Ambulance.mp3; sourceTree = "<group>"; };
		9D1A70691F350D980027FA11 /* firetruckSiren.mp3 */ = {isa = PBXFileReference; lastKnownFileType = audio.mp3; path = firetruckSiren.mp3; sourceTree = "<group>"; };
		9D1A706D1F350DA20027FA11 /* policeSiren.mp3 */ = {isa = PBXFileReference; lastKnownFileType = audio.mp3; path = policeSiren.mp3; sourceTree = "<group>"; };
		9D1A70711F350F170027FA11 /* tornadoSiren.mp3 */ = {isa = PBXFileReference; lastKnownFileType = audio.mp3; path = tornadoSiren.mp3; sourceTree = "<group>"; };
		9D1A70761F35305E0027FA11 /* pika.jpg */ = {isa = PBXFileReference; lastKnownFileType = image.jpeg; path = pika.jpg; sourceTree = "<group>"; };
		9D1A707A1F3535D60027FA11 /* squeakairtennisball.jpg */ = {isa = PBXFileReference; lastKnownFileType = image.jpeg; path = squeakairtennisball.jpg; sourceTree = "<group>"; };
		9D240E2F1F343F8D003E7DD7 /* longSqueaktoy.mp3 */ = {isa = PBXFileReference; lastKnownFileType = audio.mp3; path = longSqueaktoy.mp3; sourceTree = "<group>"; };
		9D240E331F344049003E7DD7 /* shortSqueaktoy.mp3 */ = {isa = PBXFileReference; lastKnownFileType = audio.mp3; path = shortSqueaktoy.mp3; sourceTree = "<group>"; };
		9D240E371F34425F003E7DD7 /* doorBell.mp3 */ = {isa = PBXFileReference; lastKnownFileType = audio.mp3; path = doorBell.mp3; sourceTree = "<group>"; };
		9D240E3B1F344448003E7DD7 /* duckQuack.mp3 */ = {isa = PBXFileReference; lastKnownFileType = audio.mp3; path = duckQuack.mp3; sourceTree = "<group>"; };
		9D240E3F1F344839003E7DD7 /* squirrel.mp3 */ = {isa = PBXFileReference; lastKnownFileType = audio.mp3; path = squirrel.mp3; sourceTree = "<group>"; };
		9D240E431F344913003E7DD7 /* pigSqueal.mp3 */ = {isa = PBXFileReference; lastKnownFileType = audio.mp3; path = pigSqueal.mp3; sourceTree = "<group>"; };
		9D240E471F344CBF003E7DD7 /* mouseSound.mp3 */ = {isa = PBXFileReference; lastKnownFileType = audio.mp3; path = mouseSound.mp3; sourceTree = "<group>"; };
		9D240E4B1F344CD3003E7DD7 /* ratSound.mp3 */ = {isa = PBXFileReference; lastKnownFileType = audio.mp3; path = ratSound.mp3; sourceTree = "<group>"; };
		9D2FDB8E1F33E4EF00E04AB2 /* squeakyBall.mp3 */ = {isa = PBXFileReference; lastKnownFileType = audio.mp3; path = squeakyBall.mp3; sourceTree = "<group>"; };
		9D2FDB921F33E67000E04AB2 /* pikaConversation.mp3 */ = {isa = PBXFileReference; lastKnownFileType = audio.mp3; path = pikaConversation.mp3; sourceTree = "<group>"; };
/* End PBXFileReference section */

/* Begin PBXFrameworksBuildPhase section */
		9D15FD4D1F33B543006B35F8 /* Frameworks */ = {
			isa = PBXFrameworksBuildPhase;
			buildActionMask = 2147483647;
			files = (
				9D15FD961F33D88C006B35F8 /* AVFoundation.framework in Frameworks */,
			);
			runOnlyForDeploymentPostprocessing = 0;
		};
		9D15FD611F33B543006B35F8 /* Frameworks */ = {
			isa = PBXFrameworksBuildPhase;
			buildActionMask = 2147483647;
			files = (
			);
			runOnlyForDeploymentPostprocessing = 0;
		};
		9D15FD6C1F33B543006B35F8 /* Frameworks */ = {
			isa = PBXFrameworksBuildPhase;
			buildActionMask = 2147483647;
			files = (
			);
			runOnlyForDeploymentPostprocessing = 0;
		};
/* End PBXFrameworksBuildPhase section */

/* Begin PBXGroup section */
		9D15FD471F33B543006B35F8 = {
			isa = PBXGroup;
			children = (
				9D1A70751F352E2D0027FA11 /* Images */,
				9D15FD941F33D50F006B35F8 /* Sounds */,
				9D15FD8B1F33C449006B35F8 /* LaunchImage.jpg */,
				9D15FD521F33B543006B35F8 /* dogCapture */,
				9D15FD671F33B543006B35F8 /* dogCaptureTests */,
				9D15FD721F33B543006B35F8 /* dogCaptureUITests */,
				9D15FD511F33B543006B35F8 /* Products */,
				9D15FD8D1F33CD5A006B35F8 /* Frameworks */,
			);
			sourceTree = "<group>";
		};
		9D15FD511F33B543006B35F8 /* Products */ = {
			isa = PBXGroup;
			children = (
				9D15FD501F33B543006B35F8 /* dogCapture.app */,
				9D15FD641F33B543006B35F8 /* dogCaptureTests.xctest */,
				9D15FD6F1F33B543006B35F8 /* dogCaptureUITests.xctest */,
			);
			name = Products;
			sourceTree = "<group>";
		};
		9D15FD521F33B543006B35F8 /* dogCapture */ = {
			isa = PBXGroup;
			children = (
				9D15FD531F33B543006B35F8 /* AppDelegate.swift */,
				9D15FD551F33B543006B35F8 /* ViewController.swift */,
				9D15FD571F33B543006B35F8 /* Main.storyboard */,
				9D15FD5A1F33B543006B35F8 /* Assets.xcassets */,
				9D15FD5C1F33B543006B35F8 /* LaunchScreen.storyboard */,
				9D15FD5F1F33B543006B35F8 /* Info.plist */,
			);
			path = dogCapture;
			sourceTree = "<group>";
		};
		9D15FD671F33B543006B35F8 /* dogCaptureTests */ = {
			isa = PBXGroup;
			children = (
				9D15FD681F33B543006B35F8 /* dogCaptureTests.swift */,
				9D15FD6A1F33B543006B35F8 /* Info.plist */,
			);
			path = dogCaptureTests;
			sourceTree = "<group>";
		};
		9D15FD721F33B543006B35F8 /* dogCaptureUITests */ = {
			isa = PBXGroup;
			children = (
				9D15FD731F33B543006B35F8 /* dogCaptureUITests.swift */,
				9D15FD751F33B543006B35F8 /* Info.plist */,
			);
			path = dogCaptureUITests;
			sourceTree = "<group>";
		};
		9D15FD8D1F33CD5A006B35F8 /* Frameworks */ = {
			isa = PBXGroup;
			children = (
				9D15FD951F33D88C006B35F8 /* AVFoundation.framework */,
				9D15FD8E1F33CD5A006B35F8 /* AudioToolbox.framework */,
			);
			name = Frameworks;
			sourceTree = "<group>";
		};
		9D15FD941F33D50F006B35F8 /* Sounds */ = {
			isa = PBXGroup;
			children = (
				9D1A70711F350F170027FA11 /* tornadoSiren.mp3 */,
				9D1A706D1F350DA20027FA11 /* policeSiren.mp3 */,
				9D1A70691F350D980027FA11 /* firetruckSiren.mp3 */,
				9D1A70651F350D8D0027FA11 /* Ambulance.mp3 */,
				9D1A70611F350D760027FA11 /* dogCrying.mp3 */,
				9D1A705D1F3500E70027FA11 /* chewbacca.mp3 */,
				9D1A70591F34FE790027FA11 /* packBarking.mp3 */,
				9D1A70551F34FBB20027FA11 /* wolfHowl.mp3 */,
				9D1A703D1F34F8580027FA11 /* dog1sound.mp3 */,
				9D1A703E1F34F8580027FA11 /* dog2sound.mp3 */,
				9D1A703F1F34F8580027FA11 /* dog3sound.mp3 */,
				9D1A70401F34F8580027FA11 /* dog4sound.mp3 */,
				9D1A70411F34F8580027FA11 /* dog5sound.mp3 */,
				9D1A70421F34F8580027FA11 /* dog6sound.mp3 */,
				9D240E4B1F344CD3003E7DD7 /* ratSound.mp3 */,
				9D240E471F344CBF003E7DD7 /* mouseSound.mp3 */,
				9D240E431F344913003E7DD7 /* pigSqueal.mp3 */,
				9D240E3F1F344839003E7DD7 /* squirrel.mp3 */,
				9D240E3B1F344448003E7DD7 /* duckQuack.mp3 */,
				9D240E371F34425F003E7DD7 /* doorBell.mp3 */,
				9D240E331F344049003E7DD7 /* shortSqueaktoy.mp3 */,
				9D240E2F1F343F8D003E7DD7 /* longSqueaktoy.mp3 */,
				9D2FDB921F33E67000E04AB2 /* pikaConversation.mp3 */,
				9D2FDB8E1F33E4EF00E04AB2 /* squeakyBall.mp3 */,
				9D15FD901F33D1BE006B35F8 /* rubberDuckSqueak.mp3 */,
			);
			name = Sounds;
			sourceTree = "<group>";
		};
		9D1A70751F352E2D0027FA11 /* Images */ = {
			isa = PBXGroup;
			children = (
				9D1A707A1F3535D60027FA11 /* squeakairtennisball.jpg */,
				9D1A70761F35305E0027FA11 /* pika.jpg */,
			);
			name = Images;
			sourceTree = "<group>";
		};
/* End PBXGroup section */

/* Begin PBXNativeTarget section */
		9D15FD4F1F33B543006B35F8 /* dogCapture */ = {
			isa = PBXNativeTarget;
			buildConfigurationList = 9D15FD781F33B543006B35F8 /* Build configuration list for PBXNativeTarget "dogCapture" */;
			buildPhases = (
				9D15FD4C1F33B543006B35F8 /* Sources */,
				9D15FD4D1F33B543006B35F8 /* Frameworks */,
				9D15FD4E1F33B543006B35F8 /* Resources */,
			);
			buildRules = (
			);
			dependencies = (
			);
			name = dogCapture;
			productName = dogCapture;
			productReference = 9D15FD501F33B543006B35F8 /* dogCapture.app */;
			productType = "com.apple.product-type.application";
		};
		9D15FD631F33B543006B35F8 /* dogCaptureTests */ = {
			isa = PBXNativeTarget;
			buildConfigurationList = 9D15FD7B1F33B543006B35F8 /* Build configuration list for PBXNativeTarget "dogCaptureTests" */;
			buildPhases = (
				9D15FD601F33B543006B35F8 /* Sources */,
				9D15FD611F33B543006B35F8 /* Frameworks */,
				9D15FD621F33B543006B35F8 /* Resources */,
			);
			buildRules = (
			);
			dependencies = (
				9D15FD661F33B543006B35F8 /* PBXTargetDependency */,
			);
			name = dogCaptureTests;
			productName = dogCaptureTests;
			productReference = 9D15FD641F33B543006B35F8 /* dogCaptureTests.xctest */;
			productType = "com.apple.product-type.bundle.unit-test";
		};
		9D15FD6E1F33B543006B35F8 /* dogCaptureUITests */ = {
			isa = PBXNativeTarget;
			buildConfigurationList = 9D15FD7E1F33B543006B35F8 /* Build configuration list for PBXNativeTarget "dogCaptureUITests" */;
			buildPhases = (
				9D15FD6B1F33B543006B35F8 /* Sources */,
				9D15FD6C1F33B543006B35F8 /* Frameworks */,
				9D15FD6D1F33B543006B35F8 /* Resources */,
			);
			buildRules = (
			);
			dependencies = (
				9D15FD711F33B543006B35F8 /* PBXTargetDependency */,
			);
			name = dogCaptureUITests;
			productName = dogCaptureUITests;
			productReference = 9D15FD6F1F33B543006B35F8 /* dogCaptureUITests.xctest */;
			productType = "com.apple.product-type.bundle.ui-testing";
		};
/* End PBXNativeTarget section */

/* Begin PBXProject section */
		9D15FD481F33B543006B35F8 /* Project object */ = {
			isa = PBXProject;
			attributes = {
				LastSwiftUpdateCheck = 0830;
				LastUpgradeCheck = 0830;
				ORGANIZATIONNAME = pupVenture;
				TargetAttributes = {
					9D15FD4F1F33B543006B35F8 = {
						CreatedOnToolsVersion = 8.3.3;
						DevelopmentTeam = 3P56422RMM;
						ProvisioningStyle = Automatic;
					};
					9D15FD631F33B543006B35F8 = {
						CreatedOnToolsVersion = 8.3.3;
						DevelopmentTeam = 3P56422RMM;
						ProvisioningStyle = Automatic;
						TestTargetID = 9D15FD4F1F33B543006B35F8;
					};
					9D15FD6E1F33B543006B35F8 = {
						CreatedOnToolsVersion = 8.3.3;
						DevelopmentTeam = 3P56422RMM;
						ProvisioningStyle = Automatic;
						TestTargetID = 9D15FD4F1F33B543006B35F8;
					};
				};
			};
			buildConfigurationList = 9D15FD4B1F33B543006B35F8 /* Build configuration list for PBXProject "dogCapture" */;
			compatibilityVersion = "Xcode 3.2";
			developmentRegion = English;
			hasScannedForEncodings = 0;
			knownRegions = (
				en,
				Base,
			);
			mainGroup = 9D15FD471F33B543006B35F8;
			productRefGroup = 9D15FD511F33B543006B35F8 /* Products */;
			projectDirPath = "";
			projectRoot = "";
			targets = (
				9D15FD4F1F33B543006B35F8 /* dogCapture */,
				9D15FD631F33B543006B35F8 /* dogCaptureTests */,
				9D15FD6E1F33B543006B35F8 /* dogCaptureUITests */,
			);
		};
/* End PBXProject section */

/* Begin PBXResourcesBuildPhase section */
		9D15FD4E1F33B543006B35F8 /* Resources */ = {
			isa = PBXResourcesBuildPhase;
			buildActionMask = 2147483647;
			files = (
				9D15FD8C1F33C449006B35F8 /* LaunchImage.jpg in Resources */,
				9D1A70491F34F8580027FA11 /* dog3sound.mp3 in Resources */,
				9D240E3C1F344448003E7DD7 /* duckQuack.mp3 in Resources */,
				9D1A70661F350D8D0027FA11 /* Ambulance.mp3 in Resources */,
				9D2FDB8F1F33E4EF00E04AB2 /* squeakyBall.mp3 in Resources */,
				9D15FD5E1F33B543006B35F8 /* LaunchScreen.storyboard in Resources */,
				9D240E441F344913003E7DD7 /* pigSqueal.mp3 in Resources */,
				9D1A70561F34FBB20027FA11 /* wolfHowl.mp3 in Resources */,
				9D1A704C1F34F8580027FA11 /* dog4sound.mp3 in Resources */,
				9D1A705A1F34FE790027FA11 /* packBarking.mp3 in Resources */,
				9D240E381F34425F003E7DD7 /* doorBell.mp3 in Resources */,
				9D240E401F344839003E7DD7 /* squirrel.mp3 in Resources */,
				9D15FD5B1F33B543006B35F8 /* Assets.xcassets in Resources */,
				9D240E481F344CBF003E7DD7 /* mouseSound.mp3 in Resources */,
				9D240E4C1F344CD3003E7DD7 /* ratSound.mp3 in Resources */,
				9D1A70521F34F8580027FA11 /* dog6sound.mp3 in Resources */,
				9D1A70771F35305E0027FA11 /* pika.jpg in Resources */,
				9D2FDB931F33E67000E04AB2 /* pikaConversation.mp3 in Resources */,
				9D240E301F343F8D003E7DD7 /* longSqueaktoy.mp3 in Resources */,
				9D1A706E1F350DA20027FA11 /* policeSiren.mp3 in Resources */,
				9D1A706A1F350D980027FA11 /* firetruckSiren.mp3 in Resources */,
				9D1A70621F350D760027FA11 /* dogCrying.mp3 in Resources */,
				9D240E341F344049003E7DD7 /* shortSqueaktoy.mp3 in Resources */,
				9D15FD591F33B543006B35F8 /* Main.storyboard in Resources */,
				9D1A70461F34F8580027FA11 /* dog2sound.mp3 in Resources */,
				9D1A70721F350F170027FA11 /* tornadoSiren.mp3 in Resources */,
				9D1A705E1F3500E70027FA11 /* chewbacca.mp3 in Resources */,
				9D15FD911F33D1BE006B35F8 /* rubberDuckSqueak.mp3 in Resources */,
				9D1A70431F34F8580027FA11 /* dog1sound.mp3 in Resources */,
				9D1A707B1F3535D60027FA11 /* squeakairtennisball.jpg in Resources */,
				9D1A704F1F34F8580027FA11 /* dog5sound.mp3 in Resources */,
			);
			runOnlyForDeploymentPostprocessing = 0;
		};
		9D15FD621F33B543006B35F8 /* Resources */ = {
			isa = PBXResourcesBuildPhase;
			buildActionMask = 2147483647;
			files = (
				9D240E4D1F344CD3003E7DD7 /* ratSound.mp3 in Resources */,
				9D1A70671F350D8D0027FA11 /* Ambulance.mp3 in Resources */,
				9D240E491F344CBF003E7DD7 /* mouseSound.mp3 in Resources */,
				9D1A70471F34F8580027FA11 /* dog2sound.mp3 in Resources */,
				9D1A70501F34F8580027FA11 /* dog5sound.mp3 in Resources */,
				9D240E3D1F344448003E7DD7 /* duckQuack.mp3 in Resources */,
				9D1A70441F34F8580027FA11 /* dog1sound.mp3 in Resources */,
				9D1A705B1F34FE790027FA11 /* packBarking.mp3 in Resources */,
				9D240E411F344839003E7DD7 /* squirrel.mp3 in Resources */,
				9D1A706B1F350D980027FA11 /* firetruckSiren.mp3 in Resources */,
				9D240E451F344913003E7DD7 /* pigSqueal.mp3 in Resources */,
				9D1A704A1F34F8580027FA11 /* dog3sound.mp3 in Resources */,
				9D1A70531F34F8580027FA11 /* dog6sound.mp3 in Resources */,
				9D1A707C1F3535D60027FA11 /* squeakairtennisball.jpg in Resources */,
				9D1A70571F34FBB20027FA11 /* wolfHowl.mp3 in Resources */,
				9D1A705F1F3500E70027FA11 /* chewbacca.mp3 in Resources */,
				9D240E351F344049003E7DD7 /* shortSqueaktoy.mp3 in Resources */,
				9D240E391F34425F003E7DD7 /* doorBell.mp3 in Resources */,
				9D1A70631F350D760027FA11 /* dogCrying.mp3 in Resources */,
				9D1A706F1F350DA20027FA11 /* policeSiren.mp3 in Resources */,
				9D2FDB941F33E67000E04AB2 /* pikaConversation.mp3 in Resources */,
				9D1A70781F35305E0027FA11 /* pika.jpg in Resources */,
				9D240E311F343F8D003E7DD7 /* longSqueaktoy.mp3 in Resources */,
				9D2FDB901F33E4EF00E04AB2 /* squeakyBall.mp3 in Resources */,
				9D1A70731F350F170027FA11 /* tornadoSiren.mp3 in Resources */,
				9D15FD921F33D1BE006B35F8 /* rubberDuckSqueak.mp3 in Resources */,
				9D1A704D1F34F8580027FA11 /* dog4sound.mp3 in Resources */,
			);
			runOnlyForDeploymentPostprocessing = 0;
		};
		9D15FD6D1F33B543006B35F8 /* Resources */ = {
			isa = PBXResourcesBuildPhase;
			buildActionMask = 2147483647;
			files = (
				9D240E4E1F344CD3003E7DD7 /* ratSound.mp3 in Resources */,
				9D1A70681F350D8D0027FA11 /* Ambulance.mp3 in Resources */,
				9D240E4A1F344CBF003E7DD7 /* mouseSound.mp3 in Resources */,
				9D1A70481F34F8580027FA11 /* dog2sound.mp3 in Resources */,
				9D1A70511F34F8580027FA11 /* dog5sound.mp3 in Resources */,
				9D240E3E1F344448003E7DD7 /* duckQuack.mp3 in Resources */,
				9D1A70451F34F8580027FA11 /* dog1sound.mp3 in Resources */,
				9D1A705C1F34FE790027FA11 /* packBarking.mp3 in Resources */,
				9D240E421F344839003E7DD7 /* squirrel.mp3 in Resources */,
				9D1A706C1F350D980027FA11 /* firetruckSiren.mp3 in Resources */,
				9D240E461F344913003E7DD7 /* pigSqueal.mp3 in Resources */,
				9D1A704B1F34F8580027FA11 /* dog3sound.mp3 in Resources */,
				9D1A70541F34F8580027FA11 /* dog6sound.mp3 in Resources */,
				9D1A707D1F3535D60027FA11 /* squeakairtennisball.jpg in Resources */,
				9D1A70581F34FBB20027FA11 /* wolfHowl.mp3 in Resources */,
				9D1A70601F3500E70027FA11 /* chewbacca.mp3 in Resources */,
				9D240E361F344049003E7DD7 /* shortSqueaktoy.mp3 in Resources */,
				9D240E3A1F34425F003E7DD7 /* doorBell.mp3 in Resources */,
				9D1A70641F350D760027FA11 /* dogCrying.mp3 in Resources */,
				9D1A70701F350DA20027FA11 /* policeSiren.mp3 in Resources */,
				9D2FDB951F33E67000E04AB2 /* pikaConversation.mp3 in Resources */,
				9D1A70791F35305E0027FA11 /* pika.jpg in Resources */,
				9D240E321F343F8D003E7DD7 /* longSqueaktoy.mp3 in Resources */,
				9D2FDB911F33E4EF00E04AB2 /* squeakyBall.mp3 in Resources */,
				9D1A70741F350F170027FA11 /* tornadoSiren.mp3 in Resources */,
				9D15FD931F33D1BE006B35F8 /* rubberDuckSqueak.mp3 in Resources */,
				9D1A704E1F34F8580027FA11 /* dog4sound.mp3 in Resources */,
			);
			runOnlyForDeploymentPostprocessing = 0;
		};
/* End PBXResourcesBuildPhase section */

/* Begin PBXSourcesBuildPhase section */
		9D15FD4C1F33B543006B35F8 /* Sources */ = {
			isa = PBXSourcesBuildPhase;
			buildActionMask = 2147483647;
			files = (
				9D15FD561F33B543006B35F8 /* ViewController.swift in Sources */,
				9D15FD541F33B543006B35F8 /* AppDelegate.swift in Sources */,
			);
			runOnlyForDeploymentPostprocessing = 0;
		};
		9D15FD601F33B543006B35F8 /* Sources */ = {
			isa = PBXSourcesBuildPhase;
			buildActionMask = 2147483647;
			files = (
				9D15FD691F33B543006B35F8 /* dogCaptureTests.swift in Sources */,
			);
			runOnlyForDeploymentPostprocessing = 0;
		};
		9D15FD6B1F33B543006B35F8 /* Sources */ = {
			isa = PBXSourcesBuildPhase;
			buildActionMask = 2147483647;
			files = (
				9D15FD741F33B543006B35F8 /* dogCaptureUITests.swift in Sources */,
			);
			runOnlyForDeploymentPostprocessing = 0;
		};
/* End PBXSourcesBuildPhase section */

/* Begin PBXTargetDependency section */
		9D15FD661F33B543006B35F8 /* PBXTargetDependency */ = {
			isa = PBXTargetDependency;
			target = 9D15FD4F1F33B543006B35F8 /* dogCapture */;
			targetProxy = 9D15FD651F33B543006B35F8 /* PBXContainerItemProxy */;
		};
		9D15FD711F33B543006B35F8 /* PBXTargetDependency */ = {
			isa = PBXTargetDependency;
			target = 9D15FD4F1F33B543006B35F8 /* dogCapture */;
			targetProxy = 9D15FD701F33B543006B35F8 /* PBXContainerItemProxy */;
		};
/* End PBXTargetDependency section */

/* Begin PBXVariantGroup section */
		9D15FD571F33B543006B35F8 /* Main.storyboard */ = {
			isa = PBXVariantGroup;
			children = (
				9D15FD581F33B543006B35F8 /* Base */,
			);
			name = Main.storyboard;
			sourceTree = "<group>";
		};
		9D15FD5C1F33B543006B35F8 /* LaunchScreen.storyboard */ = {
			isa = PBXVariantGroup;
			children = (
				9D15FD5D1F33B543006B35F8 /* Base */,
			);
			name = LaunchScreen.storyboard;
			sourceTree = "<group>";
		};
/* End PBXVariantGroup section */

/* Begin XCBuildConfiguration section */
		9D15FD761F33B543006B35F8 /* Debug */ = {
			isa = XCBuildConfiguration;
			buildSettings = {
				ALWAYS_SEARCH_USER_PATHS = NO;
				CLANG_ANALYZER_NONNULL = YES;
				CLANG_ANALYZER_NUMBER_OBJECT_CONVERSION = YES_AGGRESSIVE;
				CLANG_CXX_LANGUAGE_STANDARD = "gnu++0x";
				CLANG_CXX_LIBRARY = "libc++";
				CLANG_ENABLE_MODULES = YES;
				CLANG_ENABLE_OBJC_ARC = YES;
				CLANG_WARN_BOOL_CONVERSION = YES;
				CLANG_WARN_CONSTANT_CONVERSION = YES;
				CLANG_WARN_DIRECT_OBJC_ISA_USAGE = YES_ERROR;
				CLANG_WARN_DOCUMENTATION_COMMENTS = YES;
				CLANG_WARN_EMPTY_BODY = YES;
				CLANG_WARN_ENUM_CONVERSION = YES;
				CLANG_WARN_INFINITE_RECURSION = YES;
				CLANG_WARN_INT_CONVERSION = YES;
				CLANG_WARN_OBJC_ROOT_CLASS = YES_ERROR;
				CLANG_WARN_SUSPICIOUS_MOVE = YES;
				CLANG_WARN_UNREACHABLE_CODE = YES;
				CLANG_WARN__DUPLICATE_METHOD_MATCH = YES;
				"CODE_SIGN_IDENTITY[sdk=iphoneos*]" = "iPhone Developer";
				COPY_PHASE_STRIP = NO;
				DEBUG_INFORMATION_FORMAT = dwarf;
				ENABLE_STRICT_OBJC_MSGSEND = YES;
				ENABLE_TESTABILITY = YES;
				GCC_C_LANGUAGE_STANDARD = gnu99;
				GCC_DYNAMIC_NO_PIC = NO;
				GCC_NO_COMMON_BLOCKS = YES;
				GCC_OPTIMIZATION_LEVEL = 0;
				GCC_PREPROCESSOR_DEFINITIONS = (
					"DEBUG=1",
					"$(inherited)",
				);
				GCC_WARN_64_TO_32_BIT_CONVERSION = YES;
				GCC_WARN_ABOUT_RETURN_TYPE = YES_ERROR;
				GCC_WARN_UNDECLARED_SELECTOR = YES;
				GCC_WARN_UNINITIALIZED_AUTOS = YES_AGGRESSIVE;
				GCC_WARN_UNUSED_FUNCTION = YES;
				GCC_WARN_UNUSED_VARIABLE = YES;
				IPHONEOS_DEPLOYMENT_TARGET = 10.3;
				MTL_ENABLE_DEBUG_INFO = YES;
				ONLY_ACTIVE_ARCH = YES;
				SDKROOT = iphoneos;
				SWIFT_ACTIVE_COMPILATION_CONDITIONS = DEBUG;
				SWIFT_OPTIMIZATION_LEVEL = "-Onone";
				TARGETED_DEVICE_FAMILY = "1,2";
			};
			name = Debug;
		};
		9D15FD771F33B543006B35F8 /* Release */ = {
			isa = XCBuildConfiguration;
			buildSettings = {
				ALWAYS_SEARCH_USER_PATHS = NO;
				CLANG_ANALYZER_NONNULL = YES;
				CLANG_ANALYZER_NUMBER_OBJECT_CONVERSION = YES_AGGRESSIVE;
				CLANG_CXX_LANGUAGE_STANDARD = "gnu++0x";
				CLANG_CXX_LIBRARY = "libc++";
				CLANG_ENABLE_MODULES = YES;
				CLANG_ENABLE_OBJC_ARC = YES;
				CLANG_WARN_BOOL_CONVERSION = YES;
				CLANG_WARN_CONSTANT_CONVERSION = YES;
				CLANG_WARN_DIRECT_OBJC_ISA_USAGE = YES_ERROR;
				CLANG_WARN_DOCUMENTATION_COMMENTS = YES;
				CLANG_WARN_EMPTY_BODY = YES;
				CLANG_WARN_ENUM_CONVERSION = YES;
				CLANG_WARN_INFINITE_RECURSION = YES;
				CLANG_WARN_INT_CONVERSION = YES;
				CLANG_WARN_OBJC_ROOT_CLASS = YES_ERROR;
				CLANG_WARN_SUSPICIOUS_MOVE = YES;
				CLANG_WARN_UNREACHABLE_CODE = YES;
				CLANG_WARN__DUPLICATE_METHOD_MATCH = YES;
				"CODE_SIGN_IDENTITY[sdk=iphoneos*]" = "iPhone Developer";
				COPY_PHASE_STRIP = NO;
				DEBUG_INFORMATION_FORMAT = "dwarf-with-dsym";
				ENABLE_NS_ASSERTIONS = NO;
				ENABLE_STRICT_OBJC_MSGSEND = YES;
				GCC_C_LANGUAGE_STANDARD = gnu99;
				GCC_NO_COMMON_BLOCKS = YES;
				GCC_WARN_64_TO_32_BIT_CONVERSION = YES;
				GCC_WARN_ABOUT_RETURN_TYPE = YES_ERROR;
				GCC_WARN_UNDECLARED_SELECTOR = YES;
				GCC_WARN_UNINITIALIZED_AUTOS = YES_AGGRESSIVE;
				GCC_WARN_UNUSED_FUNCTION = YES;
				GCC_WARN_UNUSED_VARIABLE = YES;
				IPHONEOS_DEPLOYMENT_TARGET = 10.3;
				MTL_ENABLE_DEBUG_INFO = NO;
				SDKROOT = iphoneos;
				SWIFT_OPTIMIZATION_LEVEL = "-Owholemodule";
				TARGETED_DEVICE_FAMILY = "1,2";
				VALIDATE_PRODUCT = YES;
			};
			name = Release;
		};
		9D15FD791F33B543006B35F8 /* Debug */ = {
			isa = XCBuildConfiguration;
			buildSettings = {
				ASSETCATALOG_COMPILER_APPICON_NAME = AppIcon;
				DEVELOPMENT_TEAM = 3P56422RMM;
				INFOPLIST_FILE = dogCapture/Info.plist;
				LD_RUNPATH_SEARCH_PATHS = "$(inherited) @executable_path/Frameworks";
				PRODUCT_BUNDLE_IDENTIFIER = com.pupventure.dogCapture;
				PRODUCT_NAME = "$(TARGET_NAME)";
				SWIFT_VERSION = 3.0;
			};
			name = Debug;
		};
		9D15FD7A1F33B543006B35F8 /* Release */ = {
			isa = XCBuildConfiguration;
			buildSettings = {
				ASSETCATALOG_COMPILER_APPICON_NAME = AppIcon;
				DEVELOPMENT_TEAM = 3P56422RMM;
				INFOPLIST_FILE = dogCapture/Info.plist;
				LD_RUNPATH_SEARCH_PATHS = "$(inherited) @executable_path/Frameworks";
				PRODUCT_BUNDLE_IDENTIFIER = com.pupventure.dogCapture;
				PRODUCT_NAME = "$(TARGET_NAME)";
				SWIFT_VERSION = 3.0;
			};
			name = Release;
		};
		9D15FD7C1F33B543006B35F8 /* Debug */ = {
			isa = XCBuildConfiguration;
			buildSettings = {
				ALWAYS_EMBED_SWIFT_STANDARD_LIBRARIES = YES;
				BUNDLE_LOADER = "$(TEST_HOST)";
				DEVELOPMENT_TEAM = 3P56422RMM;
				INFOPLIST_FILE = dogCaptureTests/Info.plist;
				LD_RUNPATH_SEARCH_PATHS = "$(inherited) @executable_path/Frameworks @loader_path/Frameworks";
				PRODUCT_BUNDLE_IDENTIFIER = com.pupventure.dogCaptureTests;
				PRODUCT_NAME = "$(TARGET_NAME)";
				SWIFT_VERSION = 3.0;
				TEST_HOST = "$(BUILT_PRODUCTS_DIR)/dogCapture.app/dogCapture";
			};
			name = Debug;
		};
		9D15FD7D1F33B543006B35F8 /* Release */ = {
			isa = XCBuildConfiguration;
			buildSettings = {
				ALWAYS_EMBED_SWIFT_STANDARD_LIBRARIES = YES;
				BUNDLE_LOADER = "$(TEST_HOST)";
				DEVELOPMENT_TEAM = 3P56422RMM;
				INFOPLIST_FILE = dogCaptureTests/Info.plist;
				LD_RUNPATH_SEARCH_PATHS = "$(inherited) @executable_path/Frameworks @loader_path/Frameworks";
				PRODUCT_BUNDLE_IDENTIFIER = com.pupventure.dogCaptureTests;
				PRODUCT_NAME = "$(TARGET_NAME)";
				SWIFT_VERSION = 3.0;
				TEST_HOST = "$(BUILT_PRODUCTS_DIR)/dogCapture.app/dogCapture";
			};
			name = Release;
		};
		9D15FD7F1F33B543006B35F8 /* Debug */ = {
			isa = XCBuildConfiguration;
			buildSettings = {
				ALWAYS_EMBED_SWIFT_STANDARD_LIBRARIES = YES;
				DEVELOPMENT_TEAM = 3P56422RMM;
				INFOPLIST_FILE = dogCaptureUITests/Info.plist;
				LD_RUNPATH_SEARCH_PATHS = "$(inherited) @executable_path/Frameworks @loader_path/Frameworks";
				PRODUCT_BUNDLE_IDENTIFIER = com.pupventure.dogCaptureUITests;
				PRODUCT_NAME = "$(TARGET_NAME)";
				SWIFT_VERSION = 3.0;
				TEST_TARGET_NAME = dogCapture;
			};
			name = Debug;
		};
		9D15FD801F33B543006B35F8 /* Release */ = {
			isa = XCBuildConfiguration;
			buildSettings = {
				ALWAYS_EMBED_SWIFT_STANDARD_LIBRARIES = YES;
				DEVELOPMENT_TEAM = 3P56422RMM;
				INFOPLIST_FILE = dogCaptureUITests/Info.plist;
				LD_RUNPATH_SEARCH_PATHS = "$(inherited) @executable_path/Frameworks @loader_path/Frameworks";
				PRODUCT_BUNDLE_IDENTIFIER = com.pupventure.dogCaptureUITests;
				PRODUCT_NAME = "$(TARGET_NAME)";
				SWIFT_VERSION = 3.0;
				TEST_TARGET_NAME = dogCapture;
			};
			name = Release;
		};
/* End XCBuildConfiguration section */

/* Begin XCConfigurationList section */
		9D15FD4B1F33B543006B35F8 /* Build configuration list for PBXProject "dogCapture" */ = {
			isa = XCConfigurationList;
			buildConfigurations = (
				9D15FD761F33B543006B35F8 /* Debug */,
				9D15FD771F33B543006B35F8 /* Release */,
			);
			defaultConfigurationIsVisible = 0;
			defaultConfigurationName = Release;
		};
		9D15FD781F33B543006B35F8 /* Build configuration list for PBXNativeTarget "dogCapture" */ = {
			isa = XCConfigurationList;
			buildConfigurations = (
				9D15FD791F33B543006B35F8 /* Debug */,
				9D15FD7A1F33B543006B35F8 /* Release */,
			);
			defaultConfigurationIsVisible = 0;
			defaultConfigurationName = Release;
		};
		9D15FD7B1F33B543006B35F8 /* Build configuration list for PBXNativeTarget "dogCaptureTests" */ = {
			isa = XCConfigurationList;
			buildConfigurations = (
				9D15FD7C1F33B543006B35F8 /* Debug */,
				9D15FD7D1F33B543006B35F8 /* Release */,
			);
			defaultConfigurationIsVisible = 0;
			defaultConfigurationName = Release;
		};
		9D15FD7E1F33B543006B35F8 /* Build configuration list for PBXNativeTarget "dogCaptureUITests" */ = {
			isa = XCConfigurationList;
			buildConfigurations = (
				9D15FD7F1F33B543006B35F8 /* Debug */,
				9D15FD801F33B543006B35F8 /* Release */,
			);
			defaultConfigurationIsVisible = 0;
			defaultConfigurationName = Release;
		};
/* End XCConfigurationList section */
	};
	rootObject = 9D15FD481F33B543006B35F8 /* Project object */;
}
